<?xml version="1.0" encoding="utf-8"?>
<Project ToolsVersion="4.0" xmlns="http://schemas.microsoft.com/developer/msbuild/2003">
  <ItemGroup>
    <Filter Include="ソース ファイル">
      <UniqueIdentifier>{4FC737F1-C7A5-4376-A066-2A32D752A2FF}</UniqueIdentifier>
      <Extensions>cpp;c;cc;cxx;c++;def;odl;idl;hpj;bat;asm;asmx</Extensions>
    </Filter>
    <Filter Include="ヘッダー ファイル">
      <UniqueIdentifier>{93995380-89BD-4b04-88EB-625FBE52EBFB}</UniqueIdentifier>
      <Extensions>h;hh;hpp;hxx;h++;hm;inl;inc;ipp;xsd</Extensions>
    </Filter>
    <Filter Include="リソース ファイル">
      <UniqueIdentifier>{67DA6AB6-F800-4c08-8B7A-83BB121AAD01}</UniqueIdentifier>
      <Extensions>rc;ico;cur;bmp;dlg;rc2;rct;bin;rgs;gif;jpg;jpeg;jpe;resx;tiff;tif;png;wav;mfcribbon-ms</Extensions>
    </Filter>
    <Filter Include="ソース ファイル\Object">
      <UniqueIdentifier>{5bbad596-bcea-4753-9f1f-7be14ab5af4a}</UniqueIdentifier>
    </Filter>
    <Filter Include="ヘッダー ファイル\Object">
      <UniqueIdentifier>{bf16a0ad-0406-48bc-8de9-7fc011aef21e}</UniqueIdentifier>
    </Filter>
    <Filter Include="ヘッダー ファイル\PipeLine">
      <UniqueIdentifier>{e798e04f-6ca0-4914-916d-743fe58ef287}</UniqueIdentifier>
    </Filter>
    <Filter Include="ソース ファイル\PipeLine">
      <UniqueIdentifier>{d4f81d5b-6232-48e7-89cf-c4bf16645791}</UniqueIdentifier>
    </Filter>
  </ItemGroup>
  <ItemGroup>
    <ClInclude Include="Figure.h">
      <Filter>ヘッダー ファイル\Object</Filter>
    </ClInclude>
    <ClInclude Include="GraphicsPipeline.h">
      <Filter>ヘッダー ファイル\PipeLine</Filter>
    </ClInclude>
    <ClInclude Include="Sprite.h">
      <Filter>ヘッダー ファイル\Object</Filter>
    </ClInclude>
    <ClInclude Include="Object.h">
      <Filter>ヘッダー ファイル\Object</Filter>
    </ClInclude>
    <ClInclude Include="Eye.h">
      <Filter>ヘッダー ファイル\Object</Filter>
    </ClInclude>
    <ClInclude Include="DescriptorRange.h">
      <Filter>ヘッダー ファイル\PipeLine</Filter>
    </ClInclude>
    <ClInclude Include="RootParametor.h">
      <Filter>ヘッダー ファイル\PipeLine</Filter>
    </ClInclude>
    <ClInclude Include="RootSignature.h">
      <Filter>ヘッダー ファイル\PipeLine</Filter>
    </ClInclude>
    <ClInclude Include="Base.h">
      <Filter>ヘッダー ファイル\Object</Filter>
    </ClInclude>
  </ItemGroup>
  <ItemGroup>
    <ClCompile Include="Figure.cpp">
      <Filter>ソース ファイル\Object</Filter>
    </ClCompile>
    <ClCompile Include="Sprite.cpp">
      <Filter>ソース ファイル\Object</Filter>
    </ClCompile>
    <ClCompile Include="GraphicsPipeline.cpp">
      <Filter>ソース ファイル\PipeLine</Filter>
    </ClCompile>
    <ClCompile Include="Eye.cpp">
      <Filter>ソース ファイル\Object</Filter>
    </ClCompile>
    <ClCompile Include="DescriptorRange.cpp">
      <Filter>ソース ファイル\PipeLine</Filter>
    </ClCompile>
    <ClCompile Include="RootParametor.cpp">
      <Filter>ソース ファイル\PipeLine</Filter>
    </ClCompile>
    <ClCompile Include="RootSignature.cpp">
      <Filter>ソース ファイル\PipeLine</Filter>
    </ClCompile>
    <ClCompile Include="Base.cpp">
      <Filter>ソース ファイル\Object</Filter>
    </ClCompile>
  </ItemGroup>
</Project>