<?xml version="1.0" encoding="utf-8"?>
<Project ToolsVersion="4.0" xmlns="http://schemas.microsoft.com/developer/msbuild/2003">
  <ItemGroup>
    <Filter Include="Pixel">
      <UniqueIdentifier>{2aadabbb-637f-4332-901a-48a40bd1a74b}</UniqueIdentifier>
    </Filter>
    <Filter Include="Vertex">
      <UniqueIdentifier>{d8b6cd2f-bd96-47e1-aabf-bc3c099cc3f0}</UniqueIdentifier>
    </Filter>
    <Filter Include="ソースファイル">
      <UniqueIdentifier>{5d9d321f-0b30-4666-b729-c30e70ba4e53}</UniqueIdentifier>
    </Filter>
    <Filter Include="ヘッダファイル">
      <UniqueIdentifier>{ad122a95-96e8-42b2-8a15-980fc00c9079}</UniqueIdentifier>
    </Filter>
    <Filter Include="ShaderHeader">
      <UniqueIdentifier>{81c59700-3621-4772-8711-718d2af9841c}</UniqueIdentifier>
    </Filter>
  </ItemGroup>
  <ItemGroup>
    <FxCompile Include="BasicVertex.hlsl">
      <Filter>Vertex</Filter>
    </FxCompile>
    <FxCompile Include="Model.hlsl">
      <Filter>Pixel</Filter>
    </FxCompile>
    <FxCompile Include="Figurel.hlsl">
      <Filter>Pixel</Filter>
    </FxCompile>
    <FxCompile Include="Sprite.hlsl">
      <Filter>Pixel</Filter>
    </FxCompile>
  </ItemGroup>
  <ItemGroup>
    <ClInclude Include="Shader.h">
      <Filter>ヘッダファイル</Filter>
    </ClInclude>
  </ItemGroup>
  <ItemGroup>
    <ClCompile Include="Shader.cpp">
      <Filter>ソースファイル</Filter>
    </ClCompile>
  </ItemGroup>
  <ItemGroup>
    <None Include="BasicHeader.hlsli">
      <Filter>ShaderHeader</Filter>
    </None>
  </ItemGroup>
</Project>